
Microsoft Visual Studio Solution File, Format Version 12.00
# Visual Studio 15
VisualStudioVersion = 15.0.27703.1
MinimumVisualStudioVersion = 10.0.40219.1
Project("{FAE04EC0-301F-11D3-BF4B-00C04F79EFBC}") = "tentacle-service", "tentacle-client\tentacle-service.csproj", "{FA62D911-3D26-4AC7-BACE-DBA9E51A11CD}"
EndProject
Project("{FAE04EC0-301F-11D3-BF4B-00C04F79EFBC}") = "tentacle-win", "tentacle-win\tentacle-win.csproj", "{068AB139-65F3-468B-B7B8-5AAFDFA363E1}"
EndProject
Project("{2150E333-8FDC-42A3-9474-1A3956D46DE8}") = "Solution Items", "Solution Items", "{B0C15319-AA53-413A-8DA0-84CA5DDD489C}"
	ProjectSection(SolutionItems) = preProject
		LICENSE.txt = LICENSE.txt
		README.md = README.md
	EndProjectSection
EndProject
Project("{FAE04EC0-301F-11D3-BF4B-00C04F79EFBC}") = "tentacle-lib", "tentacle-lib\tentacle-lib.csproj", "{A7B35804-B33C-425F-8789-AF871109F9DA}"
EndProject
Global
	GlobalSection(SolutionConfigurationPlatforms) = preSolution
		Debug|Any CPU = Debug|Any CPU
		Debug|ARM = Debug|ARM
		Debug|x64 = Debug|x64
		Debug|x86 = Debug|x86
		Release|Any CPU = Release|Any CPU
		Release|ARM = Release|ARM
		Release|x64 = Release|x64
		Release|x86 = Release|x86
	EndGlobalSection
	GlobalSection(ProjectConfigurationPlatforms) = postSolution
		{FA62D911-3D26-4AC7-BACE-DBA9E51A11CD}.Debug|Any CPU.ActiveCfg = Debug|Any CPU
		{FA62D911-3D26-4AC7-BACE-DBA9E51A11CD}.Debug|Any CPU.Build.0 = Debug|Any CPU
		{FA62D911-3D26-4AC7-BACE-DBA9E51A11CD}.Debug|ARM.ActiveCfg = Debug|Any CPU
		{FA62D911-3D26-4AC7-BACE-DBA9E51A11CD}.Debug|ARM.Build.0 = Debug|Any CPU
		{FA62D911-3D26-4AC7-BACE-DBA9E51A11CD}.Debug|x64.ActiveCfg = Debug|Any CPU
		{FA62D911-3D26-4AC7-BACE-DBA9E51A11CD}.Debug|x64.Build.0 = Debug|Any CPU
		{FA62D911-3D26-4AC7-BACE-DBA9E51A11CD}.Debug|x86.ActiveCfg = Debug|Any CPU
		{FA62D911-3D26-4AC7-BACE-DBA9E51A11CD}.Debug|x86.Build.0 = Debug|Any CPU
		{FA62D911-3D26-4AC7-BACE-DBA9E51A11CD}.Release|Any CPU.ActiveCfg = Release|Any CPU
		{FA62D911-3D26-4AC7-BACE-DBA9E51A11CD}.Release|Any CPU.Build.0 = Release|Any CPU
		{FA62D911-3D26-4AC7-BACE-DBA9E51A11CD}.Release|ARM.ActiveCfg = Release|Any CPU
		{FA62D911-3D26-4AC7-BACE-DBA9E51A11CD}.Release|ARM.Build.0 = Release|Any CPU
		{FA62D911-3D26-4AC7-BACE-DBA9E51A11CD}.Release|x64.ActiveCfg = Release|Any CPU
		{FA62D911-3D26-4AC7-BACE-DBA9E51A11CD}.Release|x64.Build.0 = Release|Any CPU
		{FA62D911-3D26-4AC7-BACE-DBA9E51A11CD}.Release|x86.ActiveCfg = Release|Any CPU
		{FA62D911-3D26-4AC7-BACE-DBA9E51A11CD}.Release|x86.Build.0 = Release|Any CPU
		{068AB139-65F3-468B-B7B8-5AAFDFA363E1}.Debug|Any CPU.ActiveCfg = Debug|Any CPU
		{068AB139-65F3-468B-B7B8-5AAFDFA363E1}.Debug|Any CPU.Build.0 = Debug|Any CPU
		{068AB139-65F3-468B-B7B8-5AAFDFA363E1}.Debug|ARM.ActiveCfg = Debug|Any CPU
		{068AB139-65F3-468B-B7B8-5AAFDFA363E1}.Debug|ARM.Build.0 = Debug|Any CPU
		{068AB139-65F3-468B-B7B8-5AAFDFA363E1}.Debug|x64.ActiveCfg = Debug|Any CPU
		{068AB139-65F3-468B-B7B8-5AAFDFA363E1}.Debug|x64.Build.0 = Debug|Any CPU
		{068AB139-65F3-468B-B7B8-5AAFDFA363E1}.Debug|x86.ActiveCfg = Debug|Any CPU
		{068AB139-65F3-468B-B7B8-5AAFDFA363E1}.Debug|x86.Build.0 = Debug|Any CPU
		{068AB139-65F3-468B-B7B8-5AAFDFA363E1}.Release|Any CPU.ActiveCfg = Release|Any CPU
		{068AB139-65F3-468B-B7B8-5AAFDFA363E1}.Release|Any CPU.Build.0 = Release|Any CPU
		{068AB139-65F3-468B-B7B8-5AAFDFA363E1}.Release|ARM.ActiveCfg = Release|Any CPU
		{068AB139-65F3-468B-B7B8-5AAFDFA363E1}.Release|ARM.Build.0 = Release|Any CPU
		{068AB139-65F3-468B-B7B8-5AAFDFA363E1}.Release|x64.ActiveCfg = Release|Any CPU
		{068AB139-65F3-468B-B7B8-5AAFDFA363E1}.Release|x64.Build.0 = Release|Any CPU
		{068AB139-65F3-468B-B7B8-5AAFDFA363E1}.Release|x86.ActiveCfg = Release|Any CPU
		{068AB139-65F3-468B-B7B8-5AAFDFA363E1}.Release|x86.Build.0 = Release|Any CPU
		{A7B35804-B33C-425F-8789-AF871109F9DA}.Debug|Any CPU.ActiveCfg = Debug|Any CPU
		{A7B35804-B33C-425F-8789-AF871109F9DA}.Debug|Any CPU.Build.0 = Debug|Any CPU
		{A7B35804-B33C-425F-8789-AF871109F9DA}.Debug|ARM.ActiveCfg = Debug|Any CPU
		{A7B35804-B33C-425F-8789-AF871109F9DA}.Debug|ARM.Build.0 = Debug|Any CPU
		{A7B35804-B33C-425F-8789-AF871109F9DA}.Debug|x64.ActiveCfg = Debug|Any CPU
		{A7B35804-B33C-425F-8789-AF871109F9DA}.Debug|x64.Build.0 = Debug|Any CPU
		{A7B35804-B33C-425F-8789-AF871109F9DA}.Debug|x86.ActiveCfg = Debug|Any CPU
		{A7B35804-B33C-425F-8789-AF871109F9DA}.Debug|x86.Build.0 = Debug|Any CPU
		{A7B35804-B33C-425F-8789-AF871109F9DA}.Release|Any CPU.ActiveCfg = Release|Any CPU
		{A7B35804-B33C-425F-8789-AF871109F9DA}.Release|Any CPU.Build.0 = Release|Any CPU
		{A7B35804-B33C-425F-8789-AF871109F9DA}.Release|ARM.ActiveCfg = Release|Any CPU
		{A7B35804-B33C-425F-8789-AF871109F9DA}.Release|ARM.Build.0 = Release|Any CPU
		{A7B35804-B33C-425F-8789-AF871109F9DA}.Release|x64.ActiveCfg = Release|Any CPU
		{A7B35804-B33C-425F-8789-AF871109F9DA}.Release|x64.Build.0 = Release|Any CPU
		{A7B35804-B33C-425F-8789-AF871109F9DA}.Release|x86.ActiveCfg = Release|Any CPU
		{A7B35804-B33C-425F-8789-AF871109F9DA}.Release|x86.Build.0 = Release|Any CPU
	EndGlobalSection
	GlobalSection(SolutionProperties) = preSolution
		HideSolutionNode = FALSE
	EndGlobalSection
	GlobalSection(ExtensibilityGlobals) = postSolution
		SolutionGuid = {2A7BC99C-B719-41D9-88B5-BE0FA6AEF8C8}
	EndGlobalSection
EndGlobal
